
Microsoft Visual Studio Solution File, Format Version 12.00
# Visual Studio Version 17
VisualStudioVersion = 17.11.35219.272
MinimumVisualStudioVersion = 10.0.40219.1
Project("{FAE04EC0-301F-11D3-BF4B-00C04F79EFBC}") = "WorkSphere.API", "..\WorkSphere.API\WorkSphere.API.csproj", "{C81677FE-7128-49BF-92E3-68DB5416347A}"
EndProject
Project("{2150E333-8FDC-42A3-9474-1A3956D46DE8}") = "Core", "Core", "{9AA5605A-36AE-4ECB-B37B-6B1DEF4A9C1F}"
EndProject
Project("{FAE04EC0-301F-11D3-BF4B-00C04F79EFBC}") = "WorkSphere.Domain", "..\WorkSphere.Domain\WorkSphere.Domain.csproj", "{17EC4BA0-90C1-40C2-A603-2835E47DC271}"
EndProject
Project("{FAE04EC0-301F-11D3-BF4B-00C04F79EFBC}") = "WorkSphere.Application", "..\WorkSphere.Application\WorkSphere.Application.csproj", "{53CEA7CA-3C50-410D-87D5-2E99AD0F839F}"
EndProject
Project("{FAE04EC0-301F-11D3-BF4B-00C04F79EFBC}") = "WorkSphere.Infrastructure", "..\WorkSphere.Infrastructure\WorkSphere.Infrastructure.csproj", "{34CC15E9-7B52-4D49-8566-60FC9FA2D65C}"
EndProject
Global
	GlobalSection(SolutionConfigurationPlatforms) = preSolution
		Debug|Any CPU = Debug|Any CPU
		Release|Any CPU = Release|Any CPU
	EndGlobalSection
	GlobalSection(ProjectConfigurationPlatforms) = postSolution
		{C81677FE-7128-49BF-92E3-68DB5416347A}.Debug|Any CPU.ActiveCfg = Debug|Any CPU
		{C81677FE-7128-49BF-92E3-68DB5416347A}.Debug|Any CPU.Build.0 = Debug|Any CPU
		{C81677FE-7128-49BF-92E3-68DB5416347A}.Release|Any CPU.ActiveCfg = Release|Any CPU
		{C81677FE-7128-49BF-92E3-68DB5416347A}.Release|Any CPU.Build.0 = Release|Any CPU
		{17EC4BA0-90C1-40C2-A603-2835E47DC271}.Debug|Any CPU.ActiveCfg = Debug|Any CPU
		{17EC4BA0-90C1-40C2-A603-2835E47DC271}.Debug|Any CPU.Build.0 = Debug|Any CPU
		{17EC4BA0-90C1-40C2-A603-2835E47DC271}.Release|Any CPU.ActiveCfg = Release|Any CPU
		{17EC4BA0-90C1-40C2-A603-2835E47DC271}.Release|Any CPU.Build.0 = Release|Any CPU
		{53CEA7CA-3C50-410D-87D5-2E99AD0F839F}.Debug|Any CPU.ActiveCfg = Debug|Any CPU
		{53CEA7CA-3C50-410D-87D5-2E99AD0F839F}.Debug|Any CPU.Build.0 = Debug|Any CPU
		{53CEA7CA-3C50-410D-87D5-2E99AD0F839F}.Release|Any CPU.ActiveCfg = Release|Any CPU
		{53CEA7CA-3C50-410D-87D5-2E99AD0F839F}.Release|Any CPU.Build.0 = Release|Any CPU
		{34CC15E9-7B52-4D49-8566-60FC9FA2D65C}.Debug|Any CPU.ActiveCfg = Debug|Any CPU
		{34CC15E9-7B52-4D49-8566-60FC9FA2D65C}.Debug|Any CPU.Build.0 = Debug|Any CPU
		{34CC15E9-7B52-4D49-8566-60FC9FA2D65C}.Release|Any CPU.ActiveCfg = Release|Any CPU
		{34CC15E9-7B52-4D49-8566-60FC9FA2D65C}.Release|Any CPU.Build.0 = Release|Any CPU
	EndGlobalSection
	GlobalSection(SolutionProperties) = preSolution
		HideSolutionNode = FALSE
	EndGlobalSection
	GlobalSection(NestedProjects) = preSolution
		{17EC4BA0-90C1-40C2-A603-2835E47DC271} = {9AA5605A-36AE-4ECB-B37B-6B1DEF4A9C1F}
		{53CEA7CA-3C50-410D-87D5-2E99AD0F839F} = {9AA5605A-36AE-4ECB-B37B-6B1DEF4A9C1F}
	EndGlobalSection
	GlobalSection(ExtensibilityGlobals) = postSolution
		SolutionGuid = {F052C761-0809-4199-A204-B0B84025D725}
	EndGlobalSection
EndGlobal
